
Microsoft Visual Studio Solution File, Format Version 12.00
# Visual Studio 15
VisualStudioVersion = 15.0.27703.2035
MinimumVisualStudioVersion = 10.0.40219.1
Project("{FAE04EC0-301F-11D3-BF4B-00C04F79EFBC}") = "SLA", "SLA\SLA.csproj", "{7F01A1F7-E829-4F1D-8227-647C5AE0AFC1}"
EndProject
Global
	GlobalSection(SolutionConfigurationPlatforms) = preSolution
		Debug|Any CPU = Debug|Any CPU
		Release|Any CPU = Release|Any CPU
	EndGlobalSection
	GlobalSection(ProjectConfigurationPlatforms) = postSolution
		{7F01A1F7-E829-4F1D-8227-647C5AE0AFC1}.Debug|Any CPU.ActiveCfg = Debug|Any CPU
		{7F01A1F7-E829-4F1D-8227-647C5AE0AFC1}.Debug|Any CPU.Build.0 = Debug|Any CPU
		{7F01A1F7-E829-4F1D-8227-647C5AE0AFC1}.Release|Any CPU.ActiveCfg = Release|Any CPU
		{7F01A1F7-E829-4F1D-8227-647C5AE0AFC1}.Release|Any CPU.Build.0 = Release|Any CPU
	EndGlobalSection
	GlobalSection(SolutionProperties) = preSolution
		HideSolutionNode = FALSE
	EndGlobalSection
	GlobalSection(ExtensibilityGlobals) = postSolution
		SolutionGuid = {488B180D-81F1-465C-A97E-D8D8F652A4F9}
	EndGlobalSection
EndGlobal
